// !$*UTF8*$!
{
	archiveVersion = 1;
	classes = {
	};
	objectVersion = 77;
	objects = {

/* Begin PBXBuildFile section */
		03021554EADCBAE157B71297 /* PushSubscriptionManager.swift in Sources */ = {isa = PBXBuildFile; fileRef = C5849DCA4B2F1D0DD0411242 /* PushSubscriptionManager.swift */; };
		0361CD790E1AFC86D02CF4F6 /* FakeAudioController.swift in Sources */ = {isa = PBXBuildFile; fileRef = CC2247BFD0D693E4041DAF16 /* FakeAudioController.swift */; };
		0587ECB1D9436E518EF012E9 /* FakeAPIClient.swift in Sources */ = {isa = PBXBuildFile; fileRef = 2F42A2D07ED2383049D7227F /* FakeAPIClient.swift */; };
		0A2C0A7E3C1A621804CC59C9 /* Localizable.strings in Resources */ = {isa = PBXBuildFile; fileRef = EA93F28D0C87ABED6B756036 /* Localizable.strings */; };
		144C4C15F4B31D2E8AE8057A /* FakeSessionClock.swift in Sources */ = {isa = PBXBuildFile; fileRef = 99B88E3237E25D45BB2BD9B4 /* FakeSessionClock.swift */; };
		169DFB9313A225EBD1962BFE /* BroadcastShared.swift in Sources */ = {isa = PBXBuildFile; fileRef = C1C9C837439E676ED7F04801 /* BroadcastShared.swift */; };
		16ED701C50FCF1CF741D04F1 /* JoinRecoveryTests.swift in Sources */ = {isa = PBXBuildFile; fileRef = F54D58A452D7949DF145435E /* JoinRecoveryTests.swift */; };
		22E7581EA45084E89DE3B268 /* SavedRoomStore.swift in Sources */ = {isa = PBXBuildFile; fileRef = 53E3B13DA44022026D9F605D /* SavedRoomStore.swift */; };
		252529C96E5D4B8966096E25 /* JoinWithCodeScreen.swift in Sources */ = {isa = PBXBuildFile; fileRef = 6625E5E013BB38E369F98188 /* JoinWithCodeScreen.swift */; };
		2689E7B3ED25607A90E268B7 /* FakeMediaEngine.swift in Sources */ = {isa = PBXBuildFile; fileRef = 461DCF4D9C695C2B6051BF91 /* FakeMediaEngine.swift */; };
		2B3986D47A857C11365A6D68 /* NotificationService.swift in Sources */ = {isa = PBXBuildFile; fileRef = 7C5B216BB8A302914AB1CA5B /* NotificationService.swift */; };
		2DC84097620992B43C52D59E /* FirebaseMessaging in Frameworks */ = {isa = PBXBuildFile; productRef = ECFBB844D3428C53592F5F7B /* FirebaseMessaging */; };
		3153C0E407E8DD601B43B97E /* RootViewRoutingTests.swift in Sources */ = {isa = PBXBuildFile; fileRef = 9BD7296B4488661AE49A34BA /* RootViewRoutingTests.swift */; };
		332B4061CA3CF448DBF766D6 /* AppDelegate.swift in Sources */ = {isa = PBXBuildFile; fileRef = B8648687C9C97AD05ABC9AEB /* AppDelegate.swift */; };
		35B2C3834A362F96B5B9FFDC /* WebRTC.xcframework in Frameworks */ = {isa = PBXBuildFile; fileRef = DAE63BC3FBF66FBF7A4015AC /* WebRTC.xcframework */; };
		366BA266D1F08550723BA77D /* LayoutConformanceTests.swift in Sources */ = {isa = PBXBuildFile; fileRef = E194DC9F376B307952F4AD8E /* LayoutConformanceTests.swift */; };
		3A954265ACD7FADB9138DC1B /* AppConstants.swift in Sources */ = {isa = PBXBuildFile; fileRef = 8662332FB191C23A57DDBA4D /* AppConstants.swift */; };
		3B240DC5B813D930328BDC99 /* SampleHandler.swift in Sources */ = {isa = PBXBuildFile; fileRef = B56B39E2A60D65FD1477B020 /* SampleHandler.swift */; };
		3EEE808D7CBA63B2652C959F /* AppLaunchOverrides.swift in Sources */ = {isa = PBXBuildFile; fileRef = 0FC78E56ECCCC36978DAE4FE /* AppLaunchOverrides.swift */; };
		46722D2E3EFC8D06D8B51355 /* DiagnosticsScreen.swift in Sources */ = {isa = PBXBuildFile; fileRef = 96AD1035F89AEDD9E3B0F38C /* DiagnosticsScreen.swift */; };
		5153383FD16DC779F8EBA4B3 /* JoinFlowCoordinatorTests.swift in Sources */ = {isa = PBXBuildFile; fileRef = 23CA15C6609960E60FFBCD90 /* JoinFlowCoordinatorTests.swift */; };
		51F5648F7D5B4883A8B13A8D /* WebRTC.xcframework in Embed Frameworks */ = {isa = PBXBuildFile; fileRef = DAE63BC3FBF66FBF7A4015AC /* WebRTC.xcframework */; settings = {ATTRIBUTES = (CodeSignOnCopy, RemoveHeadersOnCopy, ); }; };
		5B73BDA93B3B03BE10F8F3DC /* DeepLinkParticipantCountUITests.swift in Sources */ = {isa = PBXBuildFile; fileRef = 96CE1FC71083746A8D257448 /* DeepLinkParticipantCountUITests.swift */; };
		60DD419576BB73E40DC4D993 /* SignalingMessageTests.swift in Sources */ = {isa = PBXBuildFile; fileRef = 1E1404CBCB96AB880E893C3F /* SignalingMessageTests.swift */; };
		6E8767096E3E70790EB1CEE5 /* SessionNegotiationTests.swift in Sources */ = {isa = PBXBuildFile; fileRef = 8A65C7CFBDAB1D28D4F50040 /* SessionNegotiationTests.swift */; };
		6E92E404B6B3E0A636F21C56 /* RootView.swift in Sources */ = {isa = PBXBuildFile; fileRef = 3529A15EA2C43DB2F91F46FC /* RootView.swift */; };
		6EE2ED9D63185C2AA8581CFE /* L10nTests.swift in Sources */ = {isa = PBXBuildFile; fileRef = 8656DA5A095E572174461E96 /* L10nTests.swift */; };
		71320D322F59D2244B5A2027 /* RoomStatusesTests.swift in Sources */ = {isa = PBXBuildFile; fileRef = 3F0D033C8F77DC9925D9668A /* RoomStatusesTests.swift */; };
		7B08F470FBB83FCC41A84E2B /* Assets.xcassets in Resources */ = {isa = PBXBuildFile; fileRef = D0BE7FF0C166694E0F58114A /* Assets.xcassets */; };
		7C93696BE2DA979BC57CC03E /* DeepLinkRejoinFlowUITests.swift in Sources */ = {isa = PBXBuildFile; fileRef = 08BED6C2775E7E4CB2896F08 /* DeepLinkRejoinFlowUITests.swift */; };
		80AC65E9FEE68E60586E6055 /* CaptureResolutionSelectionTests.swift in Sources */ = {isa = PBXBuildFile; fileRef = D5DEACDD78A7F800281C0FC6 /* CaptureResolutionSelectionTests.swift */; };
		8149EFE501BB29983C52316D /* EndpointHostParserTests.swift in Sources */ = {isa = PBXBuildFile; fileRef = 1A7CC3F22BEA1500363B20A6 /* EndpointHostParserTests.swift */; };
		82817D4A112B6323E80F9F91 /* FakePeerConnectionSlot.swift in Sources */ = {isa = PBXBuildFile; fileRef = D6A49EB1B8C461E0A475E453 /* FakePeerConnectionSlot.swift */; };
		83811A536303E5E2F05D3859 /* L10n.swift in Sources */ = {isa = PBXBuildFile; fileRef = F23DE54D45BE4A11790E34B3 /* L10n.swift */; };
		85B89222838ED1AA3AF9F938 /* CallScreenStateTests.swift in Sources */ = {isa = PBXBuildFile; fileRef = C03DA37A007DFCE3DA069244 /* CallScreenStateTests.swift */; };
		887A6F874A06A47C37E73A85 /* SignalingPayloadsTests.swift in Sources */ = {isa = PBXBuildFile; fileRef = FD06F6B1E706207C4ED2D7DD /* SignalingPayloadsTests.swift */; };
		89865919658F9327ADF61AED /* RecentCall.swift in Sources */ = {isa = PBXBuildFile; fileRef = 9DA4F257ABA1CF5875CA4B83 /* RecentCall.swift */; };
		8A1FBFE121B67AE1D2DA5852 /* FakeSignaling.swift in Sources */ = {isa = PBXBuildFile; fileRef = F870B0D5B5A7944DF3FD4E92 /* FakeSignaling.swift */; };
		90E4D65F01CB4CBE8E6CA6EF /* SessionTestHarness.swift in Sources */ = {isa = PBXBuildFile; fileRef = 41E34F50FDC1E2F064028B68 /* SessionTestHarness.swift */; };
		932FE0F4C5B2A808073B537A /* BackoffTests.swift in Sources */ = {isa = PBXBuildFile; fileRef = 9FC9E71EE9415390DBBFC4A7 /* BackoffTests.swift */; };
		9342C14683CA7530772F5F93 /* SettingsStore.swift in Sources */ = {isa = PBXBuildFile; fileRef = 7EE887624CBDA34B0B333C6A /* SettingsStore.swift */; };
		9ADDE9F64E5B64AB5128AF50 /* CameraModeFlowTests.swift in Sources */ = {isa = PBXBuildFile; fileRef = 9F052EA0D1D083D292B3CF0E /* CameraModeFlowTests.swift */; };
		9C333A1799F89B5A4A9080BB /* RoomWatcherTests.swift in Sources */ = {isa = PBXBuildFile; fileRef = 79D3BC3109B79353E8157F76 /* RoomWatcherTests.swift */; };
		A166AEDB8228E8C0BB59B927 /* SerenadaCallUI in Frameworks */ = {isa = PBXBuildFile; productRef = 7502F7E9518E36BE37DEBD99 /* SerenadaCallUI */; };
		A281E4C5D7AE35EEF75A87A8 /* SerenadaSessionTests.swift in Sources */ = {isa = PBXBuildFile; fileRef = 7830FA5A71601737755C721D /* SerenadaSessionTests.swift */; };
		A3E593BBB26536974F9B5152 /* JoinSnapshotFeature.swift in Sources */ = {isa = PBXBuildFile; fileRef = 0824DD6CEC2DF4431D724B4D /* JoinSnapshotFeature.swift */; };
		A943CC93EAF10E990017D277 /* SerenadaBroadcast.appex in Embed Foundation Extensions */ = {isa = PBXBuildFile; fileRef = 68ABF3375C20336F82397BA3 /* SerenadaBroadcast.appex */; settings = {ATTRIBUTES = (RemoveHeadersOnCopy, ); }; };
		AD701F4DE41EA9DFCC2125CE /* JoinScreen.swift in Sources */ = {isa = PBXBuildFile; fileRef = 34F0B8DB451442FAB82D1D94 /* JoinScreen.swift */; };
		B402B3581D8D647DC2D139A7 /* PushKeyStore.swift in Sources */ = {isa = PBXBuildFile; fileRef = 6E0666A6C1733C1FA1856919 /* PushKeyStore.swift */; };
		BC3AE1438258D205BFE66CD2 /* SerenadaiOSApp.swift in Sources */ = {isa = PBXBuildFile; fileRef = E456D79CB34E80195B31FCFC /* SerenadaiOSApp.swift */; };
		BD10E73D0A99AF24A662C4F6 /* GoogleService-Info.plist in Resources */ = {isa = PBXBuildFile; fileRef = E07431915F3AC5DF220F5B3A /* GoogleService-Info.plist */; };
		C5EB06A2D9075772AE396FDD /* RecentCallStoreTests.swift in Sources */ = {isa = PBXBuildFile; fileRef = F9816C392666DC51C1838319 /* RecentCallStoreTests.swift */; };
		C8363EE39A1335203566D71B /* RoomStatuses.swift in Sources */ = {isa = PBXBuildFile; fileRef = F8B7715C6AFF6FAA67DB5D01 /* RoomStatuses.swift */; };
		CAD139965FF8325D89A8113A /* ErrorScreen.swift in Sources */ = {isa = PBXBuildFile; fileRef = 2D7AA70D76623801E762E2DB /* ErrorScreen.swift */; };
		CB94D71B6D37742D4EAAC565 /* SessionOrchestrationTests.swift in Sources */ = {isa = PBXBuildFile; fileRef = 09DDC60F805A4A4624F90F9B /* SessionOrchestrationTests.swift */; };
		CEEA0CFAF57BC2B4A48F8441 /* DeepLinkParserTests.swift in Sources */ = {isa = PBXBuildFile; fileRef = F5BC48440A4DD113050C3E29 /* DeepLinkParserTests.swift */; };
		DABDC3CE432EA96C10798200 /* CallManager.swift in Sources */ = {isa = PBXBuildFile; fileRef = A48285CB0CBEE51504B0674B /* CallManager.swift */; };
		E023D6932A1411B953694012 /* PushKeyStore.swift in Sources */ = {isa = PBXBuildFile; fileRef = 6E0666A6C1733C1FA1856919 /* PushKeyStore.swift */; };
		EE8328B7F79EEA681164E7ED /* SettingsScreen.swift in Sources */ = {isa = PBXBuildFile; fileRef = 018403014C9AEDF89B039618 /* SettingsScreen.swift */; };
		F237C6E7ED0C17810C58C49F /* SavedRoomStoreTests.swift in Sources */ = {isa = PBXBuildFile; fileRef = 4ECD8A5FB8E492716B9681E3 /* SavedRoomStoreTests.swift */; };
		F6138648F1A35A494AF6330E /* APIClient.swift in Sources */ = {isa = PBXBuildFile; fileRef = D9036C71CC2E91FAD8FB5170 /* APIClient.swift */; };
		F9CC8286BAD9F8D26CDEEF33 /* RecentCallStore.swift in Sources */ = {isa = PBXBuildFile; fileRef = 43E2F0452DE65337073894BF /* RecentCallStore.swift */; };
		FB02BC3FE7EB98719C7BE654 /* SavedRoom.swift in Sources */ = {isa = PBXBuildFile; fileRef = B2B27D4928922728BD684878 /* SavedRoom.swift */; };
		FC3F9A13E5F2E25598BCB5CC /* SerenadaNotificationService.appex in Embed Foundation Extensions */ = {isa = PBXBuildFile; fileRef = 2E86658C3658DD731910A0A6 /* SerenadaNotificationService.appex */; settings = {ATTRIBUTES = (RemoveHeadersOnCopy, ); }; };
		FD3131471A3CB6A29EE341FA /* layout_conformance_v1.json in Resources */ = {isa = PBXBuildFile; fileRef = 70D055EA10214AFAD5F76FFE /* layout_conformance_v1.json */; };
		FEEA9BD167C38B0698BE668E /* SerenadaCore in Frameworks */ = {isa = PBXBuildFile; productRef = 1BF429546EEA7FBEB5796155 /* SerenadaCore */; };
/* End PBXBuildFile section */

/* Begin PBXContainerItemProxy section */
		29AFD12EA4F60A65562E2FF0 /* PBXContainerItemProxy */ = {
			isa = PBXContainerItemProxy;
			containerPortal = 30A70137979E602FE39C27FE /* Project object */;
			proxyType = 1;
			remoteGlobalIDString = 41F64433D4EA4277DDB75306;
			remoteInfo = SerenadaiOS;
		};
		6983FE58DE357BC231E13508 /* PBXContainerItemProxy */ = {
			isa = PBXContainerItemProxy;
			containerPortal = 30A70137979E602FE39C27FE /* Project object */;
			proxyType = 1;
			remoteGlobalIDString = 8983470B9AA32DF7F4E2428C;
			remoteInfo = SerenadaBroadcast;
		};
		96B16B42295F6822AC02749E /* PBXContainerItemProxy */ = {
			isa = PBXContainerItemProxy;
			containerPortal = 30A70137979E602FE39C27FE /* Project object */;
			proxyType = 1;
			remoteGlobalIDString = 952AC02A226F3D3E300DA6FF;
			remoteInfo = SerenadaNotificationService;
		};
		ECFB6AE5D0BA8FF139D4F888 /* PBXContainerItemProxy */ = {
			isa = PBXContainerItemProxy;
			containerPortal = 30A70137979E602FE39C27FE /* Project object */;
			proxyType = 1;
			remoteGlobalIDString = 41F64433D4EA4277DDB75306;
			remoteInfo = SerenadaiOS;
		};
/* End PBXContainerItemProxy section */

/* Begin PBXCopyFilesBuildPhase section */
		1C6A5A52A1D1AF3D1A1D54C4 /* Embed Frameworks */ = {
			isa = PBXCopyFilesBuildPhase;
			buildActionMask = 2147483647;
			dstPath = "";
			dstSubfolderSpec = 10;
			files = (
				51F5648F7D5B4883A8B13A8D /* WebRTC.xcframework in Embed Frameworks */,
			);
			name = "Embed Frameworks";
			runOnlyForDeploymentPostprocessing = 0;
		};
		549F8A7A8C4D26D436470DAC /* Embed Foundation Extensions */ = {
			isa = PBXCopyFilesBuildPhase;
			buildActionMask = 2147483647;
			dstPath = "";
			dstSubfolderSpec = 13;
			files = (
				FC3F9A13E5F2E25598BCB5CC /* SerenadaNotificationService.appex in Embed Foundation Extensions */,
				A943CC93EAF10E990017D277 /* SerenadaBroadcast.appex in Embed Foundation Extensions */,
			);
			name = "Embed Foundation Extensions";
			runOnlyForDeploymentPostprocessing = 0;
		};
/* End PBXCopyFilesBuildPhase section */

/* Begin PBXFileReference section */
		018403014C9AEDF89B039618 /* SettingsScreen.swift */ = {isa = PBXFileReference; lastKnownFileType = sourcecode.swift; path = SettingsScreen.swift; sourceTree = "<group>"; };
		0824DD6CEC2DF4431D724B4D /* JoinSnapshotFeature.swift */ = {isa = PBXFileReference; lastKnownFileType = sourcecode.swift; path = JoinSnapshotFeature.swift; sourceTree = "<group>"; };
		08BED6C2775E7E4CB2896F08 /* DeepLinkRejoinFlowUITests.swift */ = {isa = PBXFileReference; lastKnownFileType = sourcecode.swift; path = DeepLinkRejoinFlowUITests.swift; sourceTree = "<group>"; };
		09DDC60F805A4A4624F90F9B /* SessionOrchestrationTests.swift */ = {isa = PBXFileReference; lastKnownFileType = sourcecode.swift; path = SessionOrchestrationTests.swift; sourceTree = "<group>"; };
		0FC78E56ECCCC36978DAE4FE /* AppLaunchOverrides.swift */ = {isa = PBXFileReference; lastKnownFileType = sourcecode.swift; path = AppLaunchOverrides.swift; sourceTree = "<group>"; };
		18568C3FC4A75A087A876FB4 /* SerenadaiOSUITests.xctest */ = {isa = PBXFileReference; includeInIndex = 0; lastKnownFileType = wrapper.cfbundle; path = SerenadaiOSUITests.xctest; sourceTree = BUILT_PRODUCTS_DIR; };
		1A7CC3F22BEA1500363B20A6 /* EndpointHostParserTests.swift */ = {isa = PBXFileReference; lastKnownFileType = sourcecode.swift; path = EndpointHostParserTests.swift; sourceTree = "<group>"; };
		1B3764EC96FDD478F4ADD4C4 /* BroadcastUpload.entitlements */ = {isa = PBXFileReference; lastKnownFileType = text.plist.entitlements; path = BroadcastUpload.entitlements; sourceTree = "<group>"; };
		1E1404CBCB96AB880E893C3F /* SignalingMessageTests.swift */ = {isa = PBXFileReference; lastKnownFileType = sourcecode.swift; path = SignalingMessageTests.swift; sourceTree = "<group>"; };
		23CA15C6609960E60FFBCD90 /* JoinFlowCoordinatorTests.swift */ = {isa = PBXFileReference; lastKnownFileType = sourcecode.swift; path = JoinFlowCoordinatorTests.swift; sourceTree = "<group>"; };
		265E1C5C61144DD8395C627C /* SerenadaCore */ = {isa = PBXFileReference; lastKnownFileType = folder; name = SerenadaCore; path = SerenadaCore; sourceTree = SOURCE_ROOT; };
		28D54CC01458DA4FCF58D271 /* Info.plist */ = {isa = PBXFileReference; lastKnownFileType = text.plist; path = Info.plist; sourceTree = "<group>"; };
		2D7AA70D76623801E762E2DB /* ErrorScreen.swift */ = {isa = PBXFileReference; lastKnownFileType = sourcecode.swift; path = ErrorScreen.swift; sourceTree = "<group>"; };
		2E86658C3658DD731910A0A6 /* SerenadaNotificationService.appex */ = {isa = PBXFileReference; includeInIndex = 0; lastKnownFileType = "wrapper.app-extension"; path = SerenadaNotificationService.appex; sourceTree = BUILT_PRODUCTS_DIR; };
		2F42A2D07ED2383049D7227F /* FakeAPIClient.swift */ = {isa = PBXFileReference; lastKnownFileType = sourcecode.swift; path = FakeAPIClient.swift; sourceTree = "<group>"; };
		34F0B8DB451442FAB82D1D94 /* JoinScreen.swift */ = {isa = PBXFileReference; lastKnownFileType = sourcecode.swift; path = JoinScreen.swift; sourceTree = "<group>"; };
		3529A15EA2C43DB2F91F46FC /* RootView.swift */ = {isa = PBXFileReference; lastKnownFileType = sourcecode.swift; path = RootView.swift; sourceTree = "<group>"; };
		3F0D033C8F77DC9925D9668A /* RoomStatusesTests.swift */ = {isa = PBXFileReference; lastKnownFileType = sourcecode.swift; path = RoomStatusesTests.swift; sourceTree = "<group>"; };
		41E34F50FDC1E2F064028B68 /* SessionTestHarness.swift */ = {isa = PBXFileReference; lastKnownFileType = sourcecode.swift; path = SessionTestHarness.swift; sourceTree = "<group>"; };
		43E2F0452DE65337073894BF /* RecentCallStore.swift */ = {isa = PBXFileReference; lastKnownFileType = sourcecode.swift; path = RecentCallStore.swift; sourceTree = "<group>"; };
		461DCF4D9C695C2B6051BF91 /* FakeMediaEngine.swift */ = {isa = PBXFileReference; lastKnownFileType = sourcecode.swift; path = FakeMediaEngine.swift; sourceTree = "<group>"; };
		4D4E0E538F82CE87BE4FDB24 /* SerenadaCallUI */ = {isa = PBXFileReference; lastKnownFileType = folder; name = SerenadaCallUI; path = SerenadaCallUI; sourceTree = SOURCE_ROOT; };
		4ECD8A5FB8E492716B9681E3 /* SavedRoomStoreTests.swift */ = {isa = PBXFileReference; lastKnownFileType = sourcecode.swift; path = SavedRoomStoreTests.swift; sourceTree = "<group>"; };
		53E3B13DA44022026D9F605D /* SavedRoomStore.swift */ = {isa = PBXFileReference; lastKnownFileType = sourcecode.swift; path = SavedRoomStore.swift; sourceTree = "<group>"; };
		6625E5E013BB38E369F98188 /* JoinWithCodeScreen.swift */ = {isa = PBXFileReference; lastKnownFileType = sourcecode.swift; path = JoinWithCodeScreen.swift; sourceTree = "<group>"; };
		68ABF3375C20336F82397BA3 /* SerenadaBroadcast.appex */ = {isa = PBXFileReference; includeInIndex = 0; lastKnownFileType = "wrapper.app-extension"; path = SerenadaBroadcast.appex; sourceTree = BUILT_PRODUCTS_DIR; };
		6A7E704E0AE11C565FB076AE /* SerenadaiOS.app */ = {isa = PBXFileReference; includeInIndex = 0; lastKnownFileType = wrapper.application; path = SerenadaiOS.app; sourceTree = BUILT_PRODUCTS_DIR; };
		6E0666A6C1733C1FA1856919 /* PushKeyStore.swift */ = {isa = PBXFileReference; lastKnownFileType = sourcecode.swift; path = PushKeyStore.swift; sourceTree = "<group>"; };
		70D055EA10214AFAD5F76FFE /* layout_conformance_v1.json */ = {isa = PBXFileReference; lastKnownFileType = text.json; path = layout_conformance_v1.json; sourceTree = "<group>"; };
		7830FA5A71601737755C721D /* SerenadaSessionTests.swift */ = {isa = PBXFileReference; lastKnownFileType = sourcecode.swift; path = SerenadaSessionTests.swift; sourceTree = "<group>"; };
		79D3BC3109B79353E8157F76 /* RoomWatcherTests.swift */ = {isa = PBXFileReference; lastKnownFileType = sourcecode.swift; path = RoomWatcherTests.swift; sourceTree = "<group>"; };
		7C5B216BB8A302914AB1CA5B /* NotificationService.swift */ = {isa = PBXFileReference; lastKnownFileType = sourcecode.swift; path = NotificationService.swift; sourceTree = "<group>"; };
		7EE887624CBDA34B0B333C6A /* SettingsStore.swift */ = {isa = PBXFileReference; lastKnownFileType = sourcecode.swift; path = SettingsStore.swift; sourceTree = "<group>"; };
		8656DA5A095E572174461E96 /* L10nTests.swift */ = {isa = PBXFileReference; lastKnownFileType = sourcecode.swift; path = L10nTests.swift; sourceTree = "<group>"; };
		8662332FB191C23A57DDBA4D /* AppConstants.swift */ = {isa = PBXFileReference; lastKnownFileType = sourcecode.swift; path = AppConstants.swift; sourceTree = "<group>"; };
		8A65C7CFBDAB1D28D4F50040 /* SessionNegotiationTests.swift */ = {isa = PBXFileReference; lastKnownFileType = sourcecode.swift; path = SessionNegotiationTests.swift; sourceTree = "<group>"; };
		96AD1035F89AEDD9E3B0F38C /* DiagnosticsScreen.swift */ = {isa = PBXFileReference; lastKnownFileType = sourcecode.swift; path = DiagnosticsScreen.swift; sourceTree = "<group>"; };
		96CE1FC71083746A8D257448 /* DeepLinkParticipantCountUITests.swift */ = {isa = PBXFileReference; lastKnownFileType = sourcecode.swift; path = DeepLinkParticipantCountUITests.swift; sourceTree = "<group>"; };
		99B88E3237E25D45BB2BD9B4 /* FakeSessionClock.swift */ = {isa = PBXFileReference; lastKnownFileType = sourcecode.swift; path = FakeSessionClock.swift; sourceTree = "<group>"; };
		9BD7296B4488661AE49A34BA /* RootViewRoutingTests.swift */ = {isa = PBXFileReference; lastKnownFileType = sourcecode.swift; path = RootViewRoutingTests.swift; sourceTree = "<group>"; };
		9DA4F257ABA1CF5875CA4B83 /* RecentCall.swift */ = {isa = PBXFileReference; lastKnownFileType = sourcecode.swift; path = RecentCall.swift; sourceTree = "<group>"; };
		9F052EA0D1D083D292B3CF0E /* CameraModeFlowTests.swift */ = {isa = PBXFileReference; lastKnownFileType = sourcecode.swift; path = CameraModeFlowTests.swift; sourceTree = "<group>"; };
		9FC9E71EE9415390DBBFC4A7 /* BackoffTests.swift */ = {isa = PBXFileReference; lastKnownFileType = sourcecode.swift; path = BackoffTests.swift; sourceTree = "<group>"; };
		A48285CB0CBEE51504B0674B /* CallManager.swift */ = {isa = PBXFileReference; lastKnownFileType = sourcecode.swift; path = CallManager.swift; sourceTree = "<group>"; };
		B2B27D4928922728BD684878 /* SavedRoom.swift */ = {isa = PBXFileReference; lastKnownFileType = sourcecode.swift; path = SavedRoom.swift; sourceTree = "<group>"; };
		B56B39E2A60D65FD1477B020 /* SampleHandler.swift */ = {isa = PBXFileReference; lastKnownFileType = sourcecode.swift; path = SampleHandler.swift; sourceTree = "<group>"; };
		B8648687C9C97AD05ABC9AEB /* AppDelegate.swift */ = {isa = PBXFileReference; lastKnownFileType = sourcecode.swift; path = AppDelegate.swift; sourceTree = "<group>"; };
		B8DC46B13DBF27F02DA8B2D2 /* fr */ = {isa = PBXFileReference; lastKnownFileType = text.plist.strings; name = fr; path = fr.lproj/Localizable.strings; sourceTree = "<group>"; };
		C03DA37A007DFCE3DA069244 /* CallScreenStateTests.swift */ = {isa = PBXFileReference; lastKnownFileType = sourcecode.swift; path = CallScreenStateTests.swift; sourceTree = "<group>"; };
		C1C9C837439E676ED7F04801 /* BroadcastShared.swift */ = {isa = PBXFileReference; lastKnownFileType = sourcecode.swift; path = BroadcastShared.swift; sourceTree = "<group>"; };
		C5849DCA4B2F1D0DD0411242 /* PushSubscriptionManager.swift */ = {isa = PBXFileReference; lastKnownFileType = sourcecode.swift; path = PushSubscriptionManager.swift; sourceTree = "<group>"; };
		CC2247BFD0D693E4041DAF16 /* FakeAudioController.swift */ = {isa = PBXFileReference; lastKnownFileType = sourcecode.swift; path = FakeAudioController.swift; sourceTree = "<group>"; };
		D0BE7FF0C166694E0F58114A /* Assets.xcassets */ = {isa = PBXFileReference; lastKnownFileType = folder.assetcatalog; path = Assets.xcassets; sourceTree = "<group>"; };
		D5DEACDD78A7F800281C0FC6 /* CaptureResolutionSelectionTests.swift */ = {isa = PBXFileReference; lastKnownFileType = sourcecode.swift; path = CaptureResolutionSelectionTests.swift; sourceTree = "<group>"; };
		D6A49EB1B8C461E0A475E453 /* FakePeerConnectionSlot.swift */ = {isa = PBXFileReference; lastKnownFileType = sourcecode.swift; path = FakePeerConnectionSlot.swift; sourceTree = "<group>"; };
		D9036C71CC2E91FAD8FB5170 /* APIClient.swift */ = {isa = PBXFileReference; lastKnownFileType = sourcecode.swift; path = APIClient.swift; sourceTree = "<group>"; };
		DAE63BC3FBF66FBF7A4015AC /* WebRTC.xcframework */ = {isa = PBXFileReference; lastKnownFileType = wrapper.xcframework; name = WebRTC.xcframework; path = Vendor/WebRTC/WebRTC.xcframework; sourceTree = "<group>"; };
		E07431915F3AC5DF220F5B3A /* GoogleService-Info.plist */ = {isa = PBXFileReference; lastKnownFileType = text.plist; path = "GoogleService-Info.plist"; sourceTree = "<group>"; };
		E194DC9F376B307952F4AD8E /* LayoutConformanceTests.swift */ = {isa = PBXFileReference; lastKnownFileType = sourcecode.swift; path = LayoutConformanceTests.swift; sourceTree = "<group>"; };
		E456D79CB34E80195B31FCFC /* SerenadaiOSApp.swift */ = {isa = PBXFileReference; lastKnownFileType = sourcecode.swift; path = SerenadaiOSApp.swift; sourceTree = "<group>"; };
		E5D3CF250B070B90F00B3B1D /* en */ = {isa = PBXFileReference; lastKnownFileType = text.plist.strings; name = en; path = en.lproj/Localizable.strings; sourceTree = "<group>"; };
		E77A32857F53D8DEADAF2B04 /* SerenadaiOS.entitlements */ = {isa = PBXFileReference; lastKnownFileType = text.plist.entitlements; path = SerenadaiOS.entitlements; sourceTree = "<group>"; };
		E9CFF87F710AB38BB7519AFB /* ru */ = {isa = PBXFileReference; lastKnownFileType = text.plist.strings; name = ru; path = ru.lproj/Localizable.strings; sourceTree = "<group>"; };
		F23DE54D45BE4A11790E34B3 /* L10n.swift */ = {isa = PBXFileReference; lastKnownFileType = sourcecode.swift; path = L10n.swift; sourceTree = "<group>"; };
		F4BB4F1EC53EF165C9E75A96 /* SerenadaiOSTests.xctest */ = {isa = PBXFileReference; includeInIndex = 0; lastKnownFileType = wrapper.cfbundle; path = SerenadaiOSTests.xctest; sourceTree = BUILT_PRODUCTS_DIR; };
		F54D58A452D7949DF145435E /* JoinRecoveryTests.swift */ = {isa = PBXFileReference; lastKnownFileType = sourcecode.swift; path = JoinRecoveryTests.swift; sourceTree = "<group>"; };
		F5BC48440A4DD113050C3E29 /* DeepLinkParserTests.swift */ = {isa = PBXFileReference; lastKnownFileType = sourcecode.swift; path = DeepLinkParserTests.swift; sourceTree = "<group>"; };
		F870B0D5B5A7944DF3FD4E92 /* FakeSignaling.swift */ = {isa = PBXFileReference; lastKnownFileType = sourcecode.swift; path = FakeSignaling.swift; sourceTree = "<group>"; };
		F8B7715C6AFF6FAA67DB5D01 /* RoomStatuses.swift */ = {isa = PBXFileReference; lastKnownFileType = sourcecode.swift; path = RoomStatuses.swift; sourceTree = "<group>"; };
		F9816C392666DC51C1838319 /* RecentCallStoreTests.swift */ = {isa = PBXFileReference; lastKnownFileType = sourcecode.swift; path = RecentCallStoreTests.swift; sourceTree = "<group>"; };
		FCB3288DA9DF528251D2A52D /* NotificationService.entitlements */ = {isa = PBXFileReference; lastKnownFileType = text.plist.entitlements; path = NotificationService.entitlements; sourceTree = "<group>"; };
		FD06F6B1E706207C4ED2D7DD /* SignalingPayloadsTests.swift */ = {isa = PBXFileReference; lastKnownFileType = sourcecode.swift; path = SignalingPayloadsTests.swift; sourceTree = "<group>"; };
		FD2E85BAF2302D3C1569C2E5 /* es */ = {isa = PBXFileReference; lastKnownFileType = text.plist.strings; name = es; path = es.lproj/Localizable.strings; sourceTree = "<group>"; };
/* End PBXFileReference section */

/* Begin PBXFrameworksBuildPhase section */
		3867865F694935FA05848873 /* Frameworks */ = {
			isa = PBXFrameworksBuildPhase;
			buildActionMask = 2147483647;
			files = (
				35B2C3834A362F96B5B9FFDC /* WebRTC.xcframework in Frameworks */,
				2DC84097620992B43C52D59E /* FirebaseMessaging in Frameworks */,
				FEEA9BD167C38B0698BE668E /* SerenadaCore in Frameworks */,
				A166AEDB8228E8C0BB59B927 /* SerenadaCallUI in Frameworks */,
			);
			runOnlyForDeploymentPostprocessing = 0;
		};
/* End PBXFrameworksBuildPhase section */

/* Begin PBXGroup section */
		00A34D701D66DCAB54FE6E0E /* Products */ = {
			isa = PBXGroup;
			children = (
				68ABF3375C20336F82397BA3 /* SerenadaBroadcast.appex */,
				6A7E704E0AE11C565FB076AE /* SerenadaiOS.app */,
				F4BB4F1EC53EF165C9E75A96 /* SerenadaiOSTests.xctest */,
				18568C3FC4A75A087A876FB4 /* SerenadaiOSUITests.xctest */,
				2E86658C3658DD731910A0A6 /* SerenadaNotificationService.appex */,
			);
			name = Products;
			sourceTree = "<group>";
		};
		17DCEDBED1B30C52F980469C /* UITests */ = {
			isa = PBXGroup;
			children = (
				96CE1FC71083746A8D257448 /* DeepLinkParticipantCountUITests.swift */,
				08BED6C2775E7E4CB2896F08 /* DeepLinkRejoinFlowUITests.swift */,
			);
			path = UITests;
			sourceTree = "<group>";
		};
		22483D3AB8F5BFA5D8F6B3BE /* Models */ = {
			isa = PBXGroup;
			children = (
				8662332FB191C23A57DDBA4D /* AppConstants.swift */,
				9DA4F257ABA1CF5875CA4B83 /* RecentCall.swift */,
				B2B27D4928922728BD684878 /* SavedRoom.swift */,
			);
			path = Models;
			sourceTree = "<group>";
		};
		3A393515C619541F21CCA735 /* Shared */ = {
			isa = PBXGroup;
			children = (
				6E0666A6C1733C1FA1856919 /* PushKeyStore.swift */,
			);
			path = Shared;
			sourceTree = "<group>";
		};
		3A3F344D2A123C67DD94ED5D /* Utils */ = {
			isa = PBXGroup;
			children = (
				F23DE54D45BE4A11790E34B3 /* L10n.swift */,
				F8B7715C6AFF6FAA67DB5D01 /* RoomStatuses.swift */,
			);
			path = Utils;
			sourceTree = "<group>";
		};
		3DDC1D067C4415DBE46DAC91 /* Packages */ = {
			isa = PBXGroup;
			children = (
				4D4E0E538F82CE87BE4FDB24 /* SerenadaCallUI */,
				265E1C5C61144DD8395C627C /* SerenadaCore */,
			);
			name = Packages;
			sourceTree = "<group>";
		};
		415AD043AF1AAD932CB6A417 /* Frameworks */ = {
			isa = PBXGroup;
			children = (
				DAE63BC3FBF66FBF7A4015AC /* WebRTC.xcframework */,
			);
			name = Frameworks;
			sourceTree = "<group>";
		};
		45049EAECFD0C6702F960499 /* Sources */ = {
			isa = PBXGroup;
			children = (
				C1A806C098276BA628000BEF /* App */,
				68B6DBBFCF10C48CD0102618 /* Core */,
				EFE679D06308C0E3BF71CE15 /* UI */,
			);
			path = Sources;
			sourceTree = "<group>";
		};
		4C2BB5F4B1F4D2ED577B9AF6 = {
			isa = PBXGroup;
			children = (
				F86221F53AB93BC5BEEE7E9F /* BroadcastUpload */,
				961901030B63AB715A9ED19C /* NotificationService */,
				3DDC1D067C4415DBE46DAC91 /* Packages */,
				9DC24B91EF97AE50C603EEA7 /* Resources */,
				B6985F8378BC1C8179F89F34 /* SerenadaCallUITests */,
				A2D3D0A29FF7773DB01D20A5 /* SerenadaCoreTests */,
				3A393515C619541F21CCA735 /* Shared */,
				45049EAECFD0C6702F960499 /* Sources */,
				764ED29F41F93A0EE47FB208 /* Sources */,
				CF8ED7F99104C94EC09DEACA /* Tests */,
				17DCEDBED1B30C52F980469C /* UITests */,
				415AD043AF1AAD932CB6A417 /* Frameworks */,
				00A34D701D66DCAB54FE6E0E /* Products */,
			);
			sourceTree = "<group>";
		};
		68B6DBBFCF10C48CD0102618 /* Core */ = {
			isa = PBXGroup;
			children = (
				DC182EC6B44E4E8A699BAA74 /* Call */,
				22483D3AB8F5BFA5D8F6B3BE /* Models */,
				7EAAB204F172A0E5B35978B2 /* Networking */,
				B4087F0F9CD077C7575DE64E /* Push */,
				A90B5CD3C9F90FECC9869E86 /* Stores */,
				3A3F344D2A123C67DD94ED5D /* Utils */,
			);
			path = Core;
			sourceTree = "<group>";
		};
		764ED29F41F93A0EE47FB208 /* Sources */ = {
			isa = PBXGroup;
			children = (
				C1C9C837439E676ED7F04801 /* BroadcastShared.swift */,
			);
			name = Sources;
			path = SerenadaCore/Sources;
			sourceTree = "<group>";
		};
		7EAAB204F172A0E5B35978B2 /* Networking */ = {
			isa = PBXGroup;
			children = (
				D9036C71CC2E91FAD8FB5170 /* APIClient.swift */,
			);
			path = Networking;
			sourceTree = "<group>";
		};
		961901030B63AB715A9ED19C /* NotificationService */ = {
			isa = PBXGroup;
			children = (
				28D54CC01458DA4FCF58D271 /* Info.plist */,
				FCB3288DA9DF528251D2A52D /* NotificationService.entitlements */,
				7C5B216BB8A302914AB1CA5B /* NotificationService.swift */,
			);
			path = NotificationService;
			sourceTree = "<group>";
		};
		9DC24B91EF97AE50C603EEA7 /* Resources */ = {
			isa = PBXGroup;
			children = (
				D0BE7FF0C166694E0F58114A /* Assets.xcassets */,
				E07431915F3AC5DF220F5B3A /* GoogleService-Info.plist */,
				E77A32857F53D8DEADAF2B04 /* SerenadaiOS.entitlements */,
				EA93F28D0C87ABED6B756036 /* Localizable.strings */,
			);
			path = Resources;
			sourceTree = "<group>";
		};
		9E464FDC4DB6B63C2181B47E /* Helpers */ = {
			isa = PBXGroup;
			children = (
				41E34F50FDC1E2F064028B68 /* SessionTestHarness.swift */,
			);
			path = Helpers;
			sourceTree = "<group>";
		};
		A2D3D0A29FF7773DB01D20A5 /* SerenadaCoreTests */ = {
			isa = PBXGroup;
			children = (
				9FC9E71EE9415390DBBFC4A7 /* BackoffTests.swift */,
				9F052EA0D1D083D292B3CF0E /* CameraModeFlowTests.swift */,
				D5DEACDD78A7F800281C0FC6 /* CaptureResolutionSelectionTests.swift */,
				F5BC48440A4DD113050C3E29 /* DeepLinkParserTests.swift */,
				1A7CC3F22BEA1500363B20A6 /* EndpointHostParserTests.swift */,
				23CA15C6609960E60FFBCD90 /* JoinFlowCoordinatorTests.swift */,
				F54D58A452D7949DF145435E /* JoinRecoveryTests.swift */,
				E194DC9F376B307952F4AD8E /* LayoutConformanceTests.swift */,
				79D3BC3109B79353E8157F76 /* RoomWatcherTests.swift */,
				7830FA5A71601737755C721D /* SerenadaSessionTests.swift */,
				8A65C7CFBDAB1D28D4F50040 /* SessionNegotiationTests.swift */,
				09DDC60F805A4A4624F90F9B /* SessionOrchestrationTests.swift */,
				1E1404CBCB96AB880E893C3F /* SignalingMessageTests.swift */,
				FD06F6B1E706207C4ED2D7DD /* SignalingPayloadsTests.swift */,
				DA4E5581F6502FD66EEAB5CD /* Fakes */,
				9E464FDC4DB6B63C2181B47E /* Helpers */,
			);
			name = SerenadaCoreTests;
			path = SerenadaCore/Tests/SerenadaCoreTests;
			sourceTree = "<group>";
		};
		A90B5CD3C9F90FECC9869E86 /* Stores */ = {
			isa = PBXGroup;
			children = (
				43E2F0452DE65337073894BF /* RecentCallStore.swift */,
				53E3B13DA44022026D9F605D /* SavedRoomStore.swift */,
				7EE887624CBDA34B0B333C6A /* SettingsStore.swift */,
			);
			path = Stores;
			sourceTree = "<group>";
		};
		ACA09A680CB576A8169BD6B6 /* Screens */ = {
			isa = PBXGroup;
			children = (
				96AD1035F89AEDD9E3B0F38C /* DiagnosticsScreen.swift */,
				2D7AA70D76623801E762E2DB /* ErrorScreen.swift */,
				34F0B8DB451442FAB82D1D94 /* JoinScreen.swift */,
				6625E5E013BB38E369F98188 /* JoinWithCodeScreen.swift */,
				018403014C9AEDF89B039618 /* SettingsScreen.swift */,
			);
			path = Screens;
			sourceTree = "<group>";
		};
		B4087F0F9CD077C7575DE64E /* Push */ = {
			isa = PBXGroup;
			children = (
				0824DD6CEC2DF4431D724B4D /* JoinSnapshotFeature.swift */,
				C5849DCA4B2F1D0DD0411242 /* PushSubscriptionManager.swift */,
			);
			path = Push;
			sourceTree = "<group>";
		};
		B6985F8378BC1C8179F89F34 /* SerenadaCallUITests */ = {
			isa = PBXGroup;
			children = (
				C03DA37A007DFCE3DA069244 /* CallScreenStateTests.swift */,
			);
			name = SerenadaCallUITests;
			path = SerenadaCallUI/Tests/SerenadaCallUITests;
			sourceTree = "<group>";
		};
		C1A806C098276BA628000BEF /* App */ = {
			isa = PBXGroup;
			children = (
				B8648687C9C97AD05ABC9AEB /* AppDelegate.swift */,
				0FC78E56ECCCC36978DAE4FE /* AppLaunchOverrides.swift */,
				3529A15EA2C43DB2F91F46FC /* RootView.swift */,
				E456D79CB34E80195B31FCFC /* SerenadaiOSApp.swift */,
			);
			path = App;
			sourceTree = "<group>";
		};
		CA4C6C0A828720547ED2F42A /* Fixtures */ = {
			isa = PBXGroup;
			children = (
				70D055EA10214AFAD5F76FFE /* layout_conformance_v1.json */,
			);
			path = Fixtures;
			sourceTree = "<group>";
		};
		CF8ED7F99104C94EC09DEACA /* Tests */ = {
			isa = PBXGroup;
			children = (
				8656DA5A095E572174461E96 /* L10nTests.swift */,
				F9816C392666DC51C1838319 /* RecentCallStoreTests.swift */,
				3F0D033C8F77DC9925D9668A /* RoomStatusesTests.swift */,
				9BD7296B4488661AE49A34BA /* RootViewRoutingTests.swift */,
				4ECD8A5FB8E492716B9681E3 /* SavedRoomStoreTests.swift */,
				CA4C6C0A828720547ED2F42A /* Fixtures */,
			);
			path = Tests;
			sourceTree = "<group>";
		};
		DA4E5581F6502FD66EEAB5CD /* Fakes */ = {
			isa = PBXGroup;
			children = (
				2F42A2D07ED2383049D7227F /* FakeAPIClient.swift */,
				CC2247BFD0D693E4041DAF16 /* FakeAudioController.swift */,
				461DCF4D9C695C2B6051BF91 /* FakeMediaEngine.swift */,
				D6A49EB1B8C461E0A475E453 /* FakePeerConnectionSlot.swift */,
				99B88E3237E25D45BB2BD9B4 /* FakeSessionClock.swift */,
				F870B0D5B5A7944DF3FD4E92 /* FakeSignaling.swift */,
			);
			path = Fakes;
			sourceTree = "<group>";
		};
		DC182EC6B44E4E8A699BAA74 /* Call */ = {
			isa = PBXGroup;
			children = (
				A48285CB0CBEE51504B0674B /* CallManager.swift */,
			);
			path = Call;
			sourceTree = "<group>";
		};
		EFE679D06308C0E3BF71CE15 /* UI */ = {
			isa = PBXGroup;
			children = (
				ACA09A680CB576A8169BD6B6 /* Screens */,
			);
			path = UI;
			sourceTree = "<group>";
		};
		F86221F53AB93BC5BEEE7E9F /* BroadcastUpload */ = {
			isa = PBXGroup;
			children = (
				1B3764EC96FDD478F4ADD4C4 /* BroadcastUpload.entitlements */,
				B56B39E2A60D65FD1477B020 /* SampleHandler.swift */,
			);
			path = BroadcastUpload;
			sourceTree = "<group>";
		};
/* End PBXGroup section */

/* Begin PBXNativeTarget section */
		41F64433D4EA4277DDB75306 /* SerenadaiOS */ = {
			isa = PBXNativeTarget;
			buildConfigurationList = 676737BD445688EB70F00B13 /* Build configuration list for PBXNativeTarget "SerenadaiOS" */;
			buildPhases = (
				B4CF66E8F99EEADBB5B966EB /* Verify WebRTC Checksum */,
				4705090E0EE23C3874EEA8F1 /* Sources */,
				6A244A834479079D8A68C055 /* Resources */,
				3867865F694935FA05848873 /* Frameworks */,
				549F8A7A8C4D26D436470DAC /* Embed Foundation Extensions */,
				1C6A5A52A1D1AF3D1A1D54C4 /* Embed Frameworks */,
			);
			buildRules = (
			);
			dependencies = (
				2DA0957C9F4A158089507ACD /* PBXTargetDependency */,
				BBF5A3C46255636CBE0FF4F4 /* PBXTargetDependency */,
			);
			name = SerenadaiOS;
			packageProductDependencies = (
				ECFBB844D3428C53592F5F7B /* FirebaseMessaging */,
				1BF429546EEA7FBEB5796155 /* SerenadaCore */,
				7502F7E9518E36BE37DEBD99 /* SerenadaCallUI */,
			);
			productName = SerenadaiOS;
			productReference = 6A7E704E0AE11C565FB076AE /* SerenadaiOS.app */;
			productType = "com.apple.product-type.application";
		};
		672FC74C984B324924370F4E /* SerenadaiOSUITests */ = {
			isa = PBXNativeTarget;
			buildConfigurationList = 33CF9950A7BA2A6F61C9265E /* Build configuration list for PBXNativeTarget "SerenadaiOSUITests" */;
			buildPhases = (
				6CE6BC6D066D3B7FFC5EB72F /* Sources */,
			);
			buildRules = (
			);
			dependencies = (
				31EAEB1EC381FE44F6C0A2E3 /* PBXTargetDependency */,
			);
			name = SerenadaiOSUITests;
			packageProductDependencies = (
			);
			productName = SerenadaiOSUITests;
			productReference = 18568C3FC4A75A087A876FB4 /* SerenadaiOSUITests.xctest */;
			productType = "com.apple.product-type.bundle.ui-testing";
		};
		6D47C94C3FF0AF5229EEC1C8 /* SerenadaiOSTests */ = {
			isa = PBXNativeTarget;
			buildConfigurationList = 2670B3F56D68BD7FF226F4B1 /* Build configuration list for PBXNativeTarget "SerenadaiOSTests" */;
			buildPhases = (
				A2F987B3F34AAF77D2BB7CC8 /* Sources */,
				1121B33E89E24382B1B092E5 /* Resources */,
			);
			buildRules = (
			);
			dependencies = (
				C379FE17703C7C0B2C5ECF36 /* PBXTargetDependency */,
			);
			name = SerenadaiOSTests;
			packageProductDependencies = (
			);
			productName = SerenadaiOSTests;
			productReference = F4BB4F1EC53EF165C9E75A96 /* SerenadaiOSTests.xctest */;
			productType = "com.apple.product-type.bundle.unit-test";
		};
		8983470B9AA32DF7F4E2428C /* SerenadaBroadcast */ = {
			isa = PBXNativeTarget;
			buildConfigurationList = 1033E224C72FDC7B493F7FCC /* Build configuration list for PBXNativeTarget "SerenadaBroadcast" */;
			buildPhases = (
				ADD684ECE59B7FBE4DF0BA84 /* Sources */,
			);
			buildRules = (
			);
			dependencies = (
			);
			name = SerenadaBroadcast;
			packageProductDependencies = (
			);
			productName = SerenadaBroadcast;
			productReference = 68ABF3375C20336F82397BA3 /* SerenadaBroadcast.appex */;
			productType = "com.apple.product-type.app-extension";
		};
		952AC02A226F3D3E300DA6FF /* SerenadaNotificationService */ = {
			isa = PBXNativeTarget;
			buildConfigurationList = 5A95854CD0C303B0C4BE4736 /* Build configuration list for PBXNativeTarget "SerenadaNotificationService" */;
			buildPhases = (
				C0D5E2944973594F0D28AC42 /* Sources */,
			);
			buildRules = (
			);
			dependencies = (
			);
			name = SerenadaNotificationService;
			packageProductDependencies = (
			);
			productName = SerenadaNotificationService;
			productReference = 2E86658C3658DD731910A0A6 /* SerenadaNotificationService.appex */;
			productType = "com.apple.product-type.app-extension";
		};
/* End PBXNativeTarget section */

/* Begin PBXProject section */
		30A70137979E602FE39C27FE /* Project object */ = {
			isa = PBXProject;
			attributes = {
				BuildIndependentTargetsInParallel = YES;
				LastUpgradeCheck = 1430;
				TargetAttributes = {
					41F64433D4EA4277DDB75306 = {
						DevelopmentTeam = "";
						ProvisioningStyle = Automatic;
					};
					672FC74C984B324924370F4E = {
						DevelopmentTeam = "";
						ProvisioningStyle = Automatic;
						TestTargetID = 41F64433D4EA4277DDB75306;
					};
					6D47C94C3FF0AF5229EEC1C8 = {
						DevelopmentTeam = "";
						ProvisioningStyle = Automatic;
					};
					8983470B9AA32DF7F4E2428C = {
						DevelopmentTeam = "";
						ProvisioningStyle = Automatic;
					};
					952AC02A226F3D3E300DA6FF = {
						DevelopmentTeam = "";
						ProvisioningStyle = Automatic;
					};
				};
			};
			buildConfigurationList = 74BFC42E87C4C61AEA74CACC /* Build configuration list for PBXProject "SerenadaiOS" */;
			developmentRegion = en;
			hasScannedForEncodings = 0;
			knownRegions = (
				Base,
				en,
				es,
				fr,
				ru,
			);
			mainGroup = 4C2BB5F4B1F4D2ED577B9AF6;
			minimizedProjectReferenceProxies = 1;
			packageReferences = (
				B01E382DAF8A44F6B4B1BD0A /* XCRemoteSwiftPackageReference "firebase-ios-sdk" */,
				AAEB240FA7DACD0D49D37E32 /* XCLocalSwiftPackageReference "SerenadaCallUI" */,
				43A2742C161A8E846B61ACFE /* XCLocalSwiftPackageReference "SerenadaCore" */,
			);
			preferredProjectObjectVersion = 77;
			productRefGroup = 00A34D701D66DCAB54FE6E0E /* Products */;
			projectDirPath = "";
			projectRoot = "";
			targets = (
				8983470B9AA32DF7F4E2428C /* SerenadaBroadcast */,
				952AC02A226F3D3E300DA6FF /* SerenadaNotificationService */,
				41F64433D4EA4277DDB75306 /* SerenadaiOS */,
				6D47C94C3FF0AF5229EEC1C8 /* SerenadaiOSTests */,
				672FC74C984B324924370F4E /* SerenadaiOSUITests */,
			);
		};
/* End PBXProject section */

/* Begin PBXResourcesBuildPhase section */
		1121B33E89E24382B1B092E5 /* Resources */ = {
			isa = PBXResourcesBuildPhase;
			buildActionMask = 2147483647;
			files = (
				FD3131471A3CB6A29EE341FA /* layout_conformance_v1.json in Resources */,
			);
			runOnlyForDeploymentPostprocessing = 0;
		};
		6A244A834479079D8A68C055 /* Resources */ = {
			isa = PBXResourcesBuildPhase;
			buildActionMask = 2147483647;
			files = (
				7B08F470FBB83FCC41A84E2B /* Assets.xcassets in Resources */,
				BD10E73D0A99AF24A662C4F6 /* GoogleService-Info.plist in Resources */,
				0A2C0A7E3C1A621804CC59C9 /* Localizable.strings in Resources */,
			);
			runOnlyForDeploymentPostprocessing = 0;
		};
/* End PBXResourcesBuildPhase section */

/* Begin PBXShellScriptBuildPhase section */
		B4CF66E8F99EEADBB5B966EB /* Verify WebRTC Checksum */ = {
			isa = PBXShellScriptBuildPhase;
			alwaysOutOfDate = 1;
			buildActionMask = 2147483647;
			files = (
			);
			inputFileListPaths = (
			);
			inputPaths = (
			);
			name = "Verify WebRTC Checksum";
			outputFileListPaths = (
			);
			outputPaths = (
			);
			runOnlyForDeploymentPostprocessing = 0;
			shellPath = /bin/sh;
			shellScript = "#!/bin/sh\nset -eu\n\nROOT_DIR=\"${SRCROOT:-$(cd \"$(dirname \"$0\")/..\" && pwd)}\"\nWEBRTC_DIR=\"$ROOT_DIR/Vendor/WebRTC\"\nWEBRTC_XCFRAMEWORK=\"$WEBRTC_DIR/WebRTC.xcframework\"\nCHECKSUM_FILE=\"$WEBRTC_DIR/WebRTC.xcframework.sha256\"\n\nif [ ! -d \"$WEBRTC_XCFRAMEWORK\" ]; then\n  echo \"warning: WebRTC.xcframework not found at $WEBRTC_XCFRAMEWORK. Building in stub mode.\"\n  exit 0\nfi\n\nif [ ! -f \"$CHECKSUM_FILE\" ]; then\n  echo \"error: checksum file missing: $CHECKSUM_FILE\"\n  exit 1\nfi\n\nEXPECTED=\"$(awk 'NF {print $1; exit}' \"$CHECKSUM_FILE\" | tr '[:upper:]' '[:lower:]')\"\nif [ -z \"$EXPECTED\" ]; then\n  echo \"error: checksum file is empty: $CHECKSUM_FILE\"\n  exit 1\nfi\n\nACTUAL=\"$(cd \"$WEBRTC_DIR\" && find \"WebRTC.xcframework\" -type f -print0 | LC_ALL=C sort -z | xargs -0 shasum -a 256 | shasum -a 256 | awk '{print $1}')\"\n\nif [ \"$ACTUAL\" != \"$EXPECTED\" ]; then\n  echo \"error: WebRTC.xcframework checksum mismatch\"\n  echo \"expected: $EXPECTED\"\n  echo \"actual:   $ACTUAL\"\n  exit 1\nfi\n\necho \"WebRTC.xcframework checksum verified.\"\n";
		};
/* End PBXShellScriptBuildPhase section */

/* Begin PBXSourcesBuildPhase section */
		4705090E0EE23C3874EEA8F1 /* Sources */ = {
			isa = PBXSourcesBuildPhase;
			buildActionMask = 2147483647;
			files = (
				F6138648F1A35A494AF6330E /* APIClient.swift in Sources */,
				3A954265ACD7FADB9138DC1B /* AppConstants.swift in Sources */,
				332B4061CA3CF448DBF766D6 /* AppDelegate.swift in Sources */,
				3EEE808D7CBA63B2652C959F /* AppLaunchOverrides.swift in Sources */,
				DABDC3CE432EA96C10798200 /* CallManager.swift in Sources */,
				46722D2E3EFC8D06D8B51355 /* DiagnosticsScreen.swift in Sources */,
				CAD139965FF8325D89A8113A /* ErrorScreen.swift in Sources */,
				AD701F4DE41EA9DFCC2125CE /* JoinScreen.swift in Sources */,
				A3E593BBB26536974F9B5152 /* JoinSnapshotFeature.swift in Sources */,
				252529C96E5D4B8966096E25 /* JoinWithCodeScreen.swift in Sources */,
				83811A536303E5E2F05D3859 /* L10n.swift in Sources */,
				E023D6932A1411B953694012 /* PushKeyStore.swift in Sources */,
				03021554EADCBAE157B71297 /* PushSubscriptionManager.swift in Sources */,
				89865919658F9327ADF61AED /* RecentCall.swift in Sources */,
				F9CC8286BAD9F8D26CDEEF33 /* RecentCallStore.swift in Sources */,
				C8363EE39A1335203566D71B /* RoomStatuses.swift in Sources */,
				6E92E404B6B3E0A636F21C56 /* RootView.swift in Sources */,
				FB02BC3FE7EB98719C7BE654 /* SavedRoom.swift in Sources */,
				22E7581EA45084E89DE3B268 /* SavedRoomStore.swift in Sources */,
				BC3AE1438258D205BFE66CD2 /* SerenadaiOSApp.swift in Sources */,
				EE8328B7F79EEA681164E7ED /* SettingsScreen.swift in Sources */,
				9342C14683CA7530772F5F93 /* SettingsStore.swift in Sources */,
			);
			runOnlyForDeploymentPostprocessing = 0;
		};
		6CE6BC6D066D3B7FFC5EB72F /* Sources */ = {
			isa = PBXSourcesBuildPhase;
			buildActionMask = 2147483647;
			files = (
				5B73BDA93B3B03BE10F8F3DC /* DeepLinkParticipantCountUITests.swift in Sources */,
				7C93696BE2DA979BC57CC03E /* DeepLinkRejoinFlowUITests.swift in Sources */,
			);
			runOnlyForDeploymentPostprocessing = 0;
		};
		A2F987B3F34AAF77D2BB7CC8 /* Sources */ = {
			isa = PBXSourcesBuildPhase;
			buildActionMask = 2147483647;
			files = (
				932FE0F4C5B2A808073B537A /* BackoffTests.swift in Sources */,
				85B89222838ED1AA3AF9F938 /* CallScreenStateTests.swift in Sources */,
				9ADDE9F64E5B64AB5128AF50 /* CameraModeFlowTests.swift in Sources */,
				80AC65E9FEE68E60586E6055 /* CaptureResolutionSelectionTests.swift in Sources */,
				CEEA0CFAF57BC2B4A48F8441 /* DeepLinkParserTests.swift in Sources */,
				8149EFE501BB29983C52316D /* EndpointHostParserTests.swift in Sources */,
				0587ECB1D9436E518EF012E9 /* FakeAPIClient.swift in Sources */,
				0361CD790E1AFC86D02CF4F6 /* FakeAudioController.swift in Sources */,
				2689E7B3ED25607A90E268B7 /* FakeMediaEngine.swift in Sources */,
				82817D4A112B6323E80F9F91 /* FakePeerConnectionSlot.swift in Sources */,
				144C4C15F4B31D2E8AE8057A /* FakeSessionClock.swift in Sources */,
				8A1FBFE121B67AE1D2DA5852 /* FakeSignaling.swift in Sources */,
				5153383FD16DC779F8EBA4B3 /* JoinFlowCoordinatorTests.swift in Sources */,
				16ED701C50FCF1CF741D04F1 /* JoinRecoveryTests.swift in Sources */,
				6EE2ED9D63185C2AA8581CFE /* L10nTests.swift in Sources */,
				366BA266D1F08550723BA77D /* LayoutConformanceTests.swift in Sources */,
				C5EB06A2D9075772AE396FDD /* RecentCallStoreTests.swift in Sources */,
				71320D322F59D2244B5A2027 /* RoomStatusesTests.swift in Sources */,
				9C333A1799F89B5A4A9080BB /* RoomWatcherTests.swift in Sources */,
				3153C0E407E8DD601B43B97E /* RootViewRoutingTests.swift in Sources */,
				F237C6E7ED0C17810C58C49F /* SavedRoomStoreTests.swift in Sources */,
				A281E4C5D7AE35EEF75A87A8 /* SerenadaSessionTests.swift in Sources */,
				6E8767096E3E70790EB1CEE5 /* SessionNegotiationTests.swift in Sources */,
				CB94D71B6D37742D4EAAC565 /* SessionOrchestrationTests.swift in Sources */,
				90E4D65F01CB4CBE8E6CA6EF /* SessionTestHarness.swift in Sources */,
				60DD419576BB73E40DC4D993 /* SignalingMessageTests.swift in Sources */,
				887A6F874A06A47C37E73A85 /* SignalingPayloadsTests.swift in Sources */,
			);
			runOnlyForDeploymentPostprocessing = 0;
		};
		ADD684ECE59B7FBE4DF0BA84 /* Sources */ = {
			isa = PBXSourcesBuildPhase;
			buildActionMask = 2147483647;
			files = (
				169DFB9313A225EBD1962BFE /* BroadcastShared.swift in Sources */,
				3B240DC5B813D930328BDC99 /* SampleHandler.swift in Sources */,
			);
			runOnlyForDeploymentPostprocessing = 0;
		};
		C0D5E2944973594F0D28AC42 /* Sources */ = {
			isa = PBXSourcesBuildPhase;
			buildActionMask = 2147483647;
			files = (
				2B3986D47A857C11365A6D68 /* NotificationService.swift in Sources */,
				B402B3581D8D647DC2D139A7 /* PushKeyStore.swift in Sources */,
			);
			runOnlyForDeploymentPostprocessing = 0;
		};
/* End PBXSourcesBuildPhase section */

/* Begin PBXTargetDependency section */
		2DA0957C9F4A158089507ACD /* PBXTargetDependency */ = {
			isa = PBXTargetDependency;
			target = 952AC02A226F3D3E300DA6FF /* SerenadaNotificationService */;
			targetProxy = 96B16B42295F6822AC02749E /* PBXContainerItemProxy */;
		};
		31EAEB1EC381FE44F6C0A2E3 /* PBXTargetDependency */ = {
			isa = PBXTargetDependency;
			target = 41F64433D4EA4277DDB75306 /* SerenadaiOS */;
			targetProxy = 29AFD12EA4F60A65562E2FF0 /* PBXContainerItemProxy */;
		};
		BBF5A3C46255636CBE0FF4F4 /* PBXTargetDependency */ = {
			isa = PBXTargetDependency;
			target = 8983470B9AA32DF7F4E2428C /* SerenadaBroadcast */;
			targetProxy = 6983FE58DE357BC231E13508 /* PBXContainerItemProxy */;
		};
		C379FE17703C7C0B2C5ECF36 /* PBXTargetDependency */ = {
			isa = PBXTargetDependency;
			target = 41F64433D4EA4277DDB75306 /* SerenadaiOS */;
			targetProxy = ECFB6AE5D0BA8FF139D4F888 /* PBXContainerItemProxy */;
		};
/* End PBXTargetDependency section */

/* Begin PBXVariantGroup section */
		EA93F28D0C87ABED6B756036 /* Localizable.strings */ = {
			isa = PBXVariantGroup;
			children = (
				E5D3CF250B070B90F00B3B1D /* en */,
				FD2E85BAF2302D3C1569C2E5 /* es */,
				B8DC46B13DBF27F02DA8B2D2 /* fr */,
				E9CFF87F710AB38BB7519AFB /* ru */,
			);
			name = Localizable.strings;
			sourceTree = "<group>";
		};
/* End PBXVariantGroup section */

/* Begin XCBuildConfiguration section */
		06824BE859A94DE3C6C8B4EE /* Release */ = {
			isa = XCBuildConfiguration;
			buildSettings = {
				ASSETCATALOG_COMPILER_APPICON_NAME = AppIcon;
				CODE_SIGN_ENTITLEMENTS = Resources/SerenadaiOS.entitlements;
				CODE_SIGN_IDENTITY = "iPhone Developer";
				FRAMEWORK_SEARCH_PATHS = (
					"$(inherited)",
					"\"Vendor/WebRTC\"",
				);
				INFOPLIST_FILE = Resources/Info.plist;
				IPHONEOS_DEPLOYMENT_TARGET = 16.0;
				LD_RUNPATH_SEARCH_PATHS = (
					"$(inherited)",
					"@executable_path/Frameworks",
				);
				SDKROOT = iphoneos;
				SWIFT_ACTIVE_COMPILATION_CONDITIONS = "$(inherited) BROADCAST_EXTENSION";
				TARGETED_DEVICE_FAMILY = "1,2";
			};
			name = Release;
		};
		228BDDF789C1728BE18858F3 /* Release */ = {
			isa = XCBuildConfiguration;
			buildSettings = {
				BUNDLE_LOADER = "$(TEST_HOST)";
				GENERATE_INFOPLIST_FILE = YES;
				IPHONEOS_DEPLOYMENT_TARGET = 16.0;
				LD_RUNPATH_SEARCH_PATHS = (
					"$(inherited)",
					"@executable_path/Frameworks",
					"@loader_path/Frameworks",
				);
				PRODUCT_BUNDLE_IDENTIFIER = app.serenada.ios.tests;
				SDKROOT = iphoneos;
				TARGETED_DEVICE_FAMILY = "1,2";
				TEST_HOST = "$(BUILT_PRODUCTS_DIR)/SerenadaiOS.app/SerenadaiOS";
			};
			name = Release;
		};
		26BD8A8F66C71848250EE9F8 /* Release */ = {
			isa = XCBuildConfiguration;
			buildSettings = {
				BUNDLE_LOADER = "$(TEST_HOST)";
				GENERATE_INFOPLIST_FILE = YES;
				IPHONEOS_DEPLOYMENT_TARGET = 16.0;
				LD_RUNPATH_SEARCH_PATHS = (
					"$(inherited)",
					"@executable_path/Frameworks",
					"@loader_path/Frameworks",
				);
				PRODUCT_BUNDLE_IDENTIFIER = app.serenada.ios.uitests;
				SDKROOT = iphoneos;
				TARGETED_DEVICE_FAMILY = "1,2";
				TEST_TARGET_NAME = SerenadaiOS;
			};
			name = Release;
		};
		5BE170BAC78C7DD5A465FF5D /* Release */ = {
			isa = XCBuildConfiguration;
			buildSettings = {
				ALWAYS_SEARCH_USER_PATHS = NO;
				CLANG_ANALYZER_NONNULL = YES;
				CLANG_ANALYZER_NUMBER_OBJECT_CONVERSION = YES_AGGRESSIVE;
				CLANG_CXX_LANGUAGE_STANDARD = "gnu++14";
				CLANG_CXX_LIBRARY = "libc++";
				CLANG_ENABLE_MODULES = YES;
				CLANG_ENABLE_OBJC_ARC = YES;
				CLANG_ENABLE_OBJC_WEAK = YES;
				CLANG_WARN_BLOCK_CAPTURE_AUTORELEASING = YES;
				CLANG_WARN_BOOL_CONVERSION = YES;
				CLANG_WARN_COMMA = YES;
				CLANG_WARN_CONSTANT_CONVERSION = YES;
				CLANG_WARN_DEPRECATED_OBJC_IMPLEMENTATIONS = YES;
				CLANG_WARN_DIRECT_OBJC_ISA_USAGE = YES_ERROR;
				CLANG_WARN_DOCUMENTATION_COMMENTS = YES;
				CLANG_WARN_EMPTY_BODY = YES;
				CLANG_WARN_ENUM_CONVERSION = YES;
				CLANG_WARN_INFINITE_RECURSION = YES;
				CLANG_WARN_INT_CONVERSION = YES;
				CLANG_WARN_NON_LITERAL_NULL_CONVERSION = YES;
				CLANG_WARN_OBJC_IMPLICIT_RETAIN_SELF = YES;
				CLANG_WARN_OBJC_LITERAL_CONVERSION = YES;
				CLANG_WARN_OBJC_ROOT_CLASS = YES_ERROR;
				CLANG_WARN_QUOTED_INCLUDE_IN_FRAMEWORK_HEADER = YES;
				CLANG_WARN_RANGE_LOOP_ANALYSIS = YES;
				CLANG_WARN_STRICT_PROTOTYPES = YES;
				CLANG_WARN_SUSPICIOUS_MOVE = YES;
				CLANG_WARN_UNGUARDED_AVAILABILITY = YES_AGGRESSIVE;
				CLANG_WARN_UNREACHABLE_CODE = YES;
				CLANG_WARN__DUPLICATE_METHOD_MATCH = YES;
				CODE_SIGN_STYLE = Automatic;
				COPY_PHASE_STRIP = NO;
				CURRENT_PROJECT_VERSION = 2;
				DEBUG_INFORMATION_FORMAT = "dwarf-with-dsym";
				DEVELOPMENT_TEAM = "";
				ENABLE_NS_ASSERTIONS = NO;
				ENABLE_STRICT_OBJC_MSGSEND = YES;
				ENABLE_USER_SCRIPT_SANDBOXING = NO;
				GCC_C_LANGUAGE_STANDARD = gnu11;
				GCC_NO_COMMON_BLOCKS = YES;
				GCC_WARN_64_TO_32_BIT_CONVERSION = YES;
				GCC_WARN_ABOUT_RETURN_TYPE = YES_ERROR;
				GCC_WARN_UNDECLARED_SELECTOR = YES;
				GCC_WARN_UNINITIALIZED_AUTOS = YES_AGGRESSIVE;
				GCC_WARN_UNUSED_FUNCTION = YES;
				GCC_WARN_UNUSED_VARIABLE = YES;
				IPHONEOS_DEPLOYMENT_TARGET = 16.0;
				MARKETING_VERSION = 0.3.0;
				MTL_ENABLE_DEBUG_INFO = NO;
				MTL_FAST_MATH = YES;
				PRODUCT_BUNDLE_IDENTIFIER = app.serenada.ios;
				PRODUCT_NAME = "$(TARGET_NAME)";
				SDKROOT = iphoneos;
				SWIFT_COMPILATION_MODE = wholemodule;
				SWIFT_OPTIMIZATION_LEVEL = "-O";
				SWIFT_VERSION = 5.1;
				TARGETED_DEVICE_FAMILY = "1,2";
			};
			name = Release;
		};
		5F281C720BADC1830F43F769 /* Debug */ = {
			isa = XCBuildConfiguration;
			buildSettings = {
				CODE_SIGN_ENTITLEMENTS = NotificationService/NotificationService.entitlements;
				INFOPLIST_FILE = NotificationService/Info.plist;
				IPHONEOS_DEPLOYMENT_TARGET = 16.0;
				LD_RUNPATH_SEARCH_PATHS = (
					"$(inherited)",
					"@executable_path/Frameworks",
					"@executable_path/../../Frameworks",
				);
				PRODUCT_BUNDLE_IDENTIFIER = app.serenada.ios.notificationservice;
				SDKROOT = iphoneos;
				TARGETED_DEVICE_FAMILY = "1,2";
			};
			name = Debug;
		};
		64201CB6EDA7281AF0E5919E /* Debug */ = {
			isa = XCBuildConfiguration;
			buildSettings = {
				ASSETCATALOG_COMPILER_APPICON_NAME = AppIcon;
				CODE_SIGN_ENTITLEMENTS = Resources/SerenadaiOS.entitlements;
				CODE_SIGN_IDENTITY = "iPhone Developer";
				FRAMEWORK_SEARCH_PATHS = (
					"$(inherited)",
					"\"Vendor/WebRTC\"",
				);
				INFOPLIST_FILE = Resources/Info.plist;
				IPHONEOS_DEPLOYMENT_TARGET = 16.0;
				LD_RUNPATH_SEARCH_PATHS = (
					"$(inherited)",
					"@executable_path/Frameworks",
				);
				SDKROOT = iphoneos;
				SWIFT_ACTIVE_COMPILATION_CONDITIONS = "$(inherited) BROADCAST_EXTENSION";
				TARGETED_DEVICE_FAMILY = "1,2";
			};
			name = Debug;
		};
		9295A809A2837B11EAC71755 /* Debug */ = {
			isa = XCBuildConfiguration;
			buildSettings = {
				BUNDLE_LOADER = "$(TEST_HOST)";
				GENERATE_INFOPLIST_FILE = YES;
				IPHONEOS_DEPLOYMENT_TARGET = 16.0;
				LD_RUNPATH_SEARCH_PATHS = (
					"$(inherited)",
					"@executable_path/Frameworks",
					"@loader_path/Frameworks",
				);
				PRODUCT_BUNDLE_IDENTIFIER = app.serenada.ios.uitests;
				SDKROOT = iphoneos;
				TARGETED_DEVICE_FAMILY = "1,2";
				TEST_TARGET_NAME = SerenadaiOS;
			};
			name = Debug;
		};
		94CD5F299CE7AE82710A3CAC /* Debug */ = {
			isa = XCBuildConfiguration;
			buildSettings = {
				ALWAYS_SEARCH_USER_PATHS = NO;
				CLANG_ANALYZER_NONNULL = YES;
				CLANG_ANALYZER_NUMBER_OBJECT_CONVERSION = YES_AGGRESSIVE;
				CLANG_CXX_LANGUAGE_STANDARD = "gnu++14";
				CLANG_CXX_LIBRARY = "libc++";
				CLANG_ENABLE_MODULES = YES;
				CLANG_ENABLE_OBJC_ARC = YES;
				CLANG_ENABLE_OBJC_WEAK = YES;
				CLANG_WARN_BLOCK_CAPTURE_AUTORELEASING = YES;
				CLANG_WARN_BOOL_CONVERSION = YES;
				CLANG_WARN_COMMA = YES;
				CLANG_WARN_CONSTANT_CONVERSION = YES;
				CLANG_WARN_DEPRECATED_OBJC_IMPLEMENTATIONS = YES;
				CLANG_WARN_DIRECT_OBJC_ISA_USAGE = YES_ERROR;
				CLANG_WARN_DOCUMENTATION_COMMENTS = YES;
				CLANG_WARN_EMPTY_BODY = YES;
				CLANG_WARN_ENUM_CONVERSION = YES;
				CLANG_WARN_INFINITE_RECURSION = YES;
				CLANG_WARN_INT_CONVERSION = YES;
				CLANG_WARN_NON_LITERAL_NULL_CONVERSION = YES;
				CLANG_WARN_OBJC_IMPLICIT_RETAIN_SELF = YES;
				CLANG_WARN_OBJC_LITERAL_CONVERSION = YES;
				CLANG_WARN_OBJC_ROOT_CLASS = YES_ERROR;
				CLANG_WARN_QUOTED_INCLUDE_IN_FRAMEWORK_HEADER = YES;
				CLANG_WARN_RANGE_LOOP_ANALYSIS = YES;
				CLANG_WARN_STRICT_PROTOTYPES = YES;
				CLANG_WARN_SUSPICIOUS_MOVE = YES;
				CLANG_WARN_UNGUARDED_AVAILABILITY = YES_AGGRESSIVE;
				CLANG_WARN_UNREACHABLE_CODE = YES;
				CLANG_WARN__DUPLICATE_METHOD_MATCH = YES;
				CODE_SIGN_STYLE = Automatic;
				COPY_PHASE_STRIP = NO;
				CURRENT_PROJECT_VERSION = 2;
				DEBUG_INFORMATION_FORMAT = dwarf;
				DEVELOPMENT_TEAM = "";
				ENABLE_STRICT_OBJC_MSGSEND = YES;
				ENABLE_TESTABILITY = YES;
				ENABLE_USER_SCRIPT_SANDBOXING = NO;
				GCC_C_LANGUAGE_STANDARD = gnu11;
				GCC_DYNAMIC_NO_PIC = NO;
				GCC_NO_COMMON_BLOCKS = YES;
				GCC_OPTIMIZATION_LEVEL = 0;
				GCC_PREPROCESSOR_DEFINITIONS = (
					"$(inherited)",
					"DEBUG=1",
				);
				GCC_WARN_64_TO_32_BIT_CONVERSION = YES;
				GCC_WARN_ABOUT_RETURN_TYPE = YES_ERROR;
				GCC_WARN_UNDECLARED_SELECTOR = YES;
				GCC_WARN_UNINITIALIZED_AUTOS = YES_AGGRESSIVE;
				GCC_WARN_UNUSED_FUNCTION = YES;
				GCC_WARN_UNUSED_VARIABLE = YES;
				IPHONEOS_DEPLOYMENT_TARGET = 16.0;
				MARKETING_VERSION = 0.3.0;
				MTL_ENABLE_DEBUG_INFO = INCLUDE_SOURCE;
				MTL_FAST_MATH = YES;
				ONLY_ACTIVE_ARCH = YES;
				PRODUCT_BUNDLE_IDENTIFIER = app.serenada.ios;
				PRODUCT_NAME = "$(TARGET_NAME)";
				SDKROOT = iphoneos;
				SWIFT_ACTIVE_COMPILATION_CONDITIONS = DEBUG;
				SWIFT_OPTIMIZATION_LEVEL = "-Onone";
				SWIFT_VERSION = 5.1;
				TARGETED_DEVICE_FAMILY = "1,2";
			};
			name = Debug;
		};
		B1F94F175A9E43B7EF04835B /* Debug */ = {
			isa = XCBuildConfiguration;
			buildSettings = {
				CODE_SIGN_ENTITLEMENTS = BroadcastUpload/BroadcastUpload.entitlements;
				INFOPLIST_FILE = BroadcastUpload/Info.plist;
				IPHONEOS_DEPLOYMENT_TARGET = 16.0;
				LD_RUNPATH_SEARCH_PATHS = (
					"$(inherited)",
					"@executable_path/Frameworks",
					"@executable_path/../../Frameworks",
				);
				PRODUCT_BUNDLE_IDENTIFIER = app.serenada.ios.broadcast;
				SDKROOT = iphoneos;
				TARGETED_DEVICE_FAMILY = "1,2";
			};
			name = Debug;
		};
		D9B38A843816C2BF1203023D /* Debug */ = {
			isa = XCBuildConfiguration;
			buildSettings = {
				BUNDLE_LOADER = "$(TEST_HOST)";
				GENERATE_INFOPLIST_FILE = YES;
				IPHONEOS_DEPLOYMENT_TARGET = 16.0;
				LD_RUNPATH_SEARCH_PATHS = (
					"$(inherited)",
					"@executable_path/Frameworks",
					"@loader_path/Frameworks",
				);
				PRODUCT_BUNDLE_IDENTIFIER = app.serenada.ios.tests;
				SDKROOT = iphoneos;
				TARGETED_DEVICE_FAMILY = "1,2";
				TEST_HOST = "$(BUILT_PRODUCTS_DIR)/SerenadaiOS.app/SerenadaiOS";
			};
			name = Debug;
		};
		DC856104C434C53DC834F966 /* Release */ = {
			isa = XCBuildConfiguration;
			buildSettings = {
				CODE_SIGN_ENTITLEMENTS = BroadcastUpload/BroadcastUpload.entitlements;
				INFOPLIST_FILE = BroadcastUpload/Info.plist;
				IPHONEOS_DEPLOYMENT_TARGET = 16.0;
				LD_RUNPATH_SEARCH_PATHS = (
					"$(inherited)",
					"@executable_path/Frameworks",
					"@executable_path/../../Frameworks",
				);
				PRODUCT_BUNDLE_IDENTIFIER = app.serenada.ios.broadcast;
				SDKROOT = iphoneos;
				TARGETED_DEVICE_FAMILY = "1,2";
			};
			name = Release;
		};
		E9A38B45BBFCEADEED74B1E8 /* Release */ = {
			isa = XCBuildConfiguration;
			buildSettings = {
				CODE_SIGN_ENTITLEMENTS = NotificationService/NotificationService.entitlements;
				INFOPLIST_FILE = NotificationService/Info.plist;
				IPHONEOS_DEPLOYMENT_TARGET = 16.0;
				LD_RUNPATH_SEARCH_PATHS = (
					"$(inherited)",
					"@executable_path/Frameworks",
					"@executable_path/../../Frameworks",
				);
				PRODUCT_BUNDLE_IDENTIFIER = app.serenada.ios.notificationservice;
				SDKROOT = iphoneos;
				TARGETED_DEVICE_FAMILY = "1,2";
			};
			name = Release;
		};
/* End XCBuildConfiguration section */

/* Begin XCConfigurationList section */
		1033E224C72FDC7B493F7FCC /* Build configuration list for PBXNativeTarget "SerenadaBroadcast" */ = {
			isa = XCConfigurationList;
			buildConfigurations = (
				B1F94F175A9E43B7EF04835B /* Debug */,
				DC856104C434C53DC834F966 /* Release */,
			);
			defaultConfigurationIsVisible = 0;
			defaultConfigurationName = Debug;
		};
		2670B3F56D68BD7FF226F4B1 /* Build configuration list for PBXNativeTarget "SerenadaiOSTests" */ = {
			isa = XCConfigurationList;
			buildConfigurations = (
				D9B38A843816C2BF1203023D /* Debug */,
				228BDDF789C1728BE18858F3 /* Release */,
			);
			defaultConfigurationIsVisible = 0;
			defaultConfigurationName = Debug;
		};
		33CF9950A7BA2A6F61C9265E /* Build configuration list for PBXNativeTarget "SerenadaiOSUITests" */ = {
			isa = XCConfigurationList;
			buildConfigurations = (
				9295A809A2837B11EAC71755 /* Debug */,
				26BD8A8F66C71848250EE9F8 /* Release */,
			);
			defaultConfigurationIsVisible = 0;
			defaultConfigurationName = Debug;
		};
		5A95854CD0C303B0C4BE4736 /* Build configuration list for PBXNativeTarget "SerenadaNotificationService" */ = {
			isa = XCConfigurationList;
			buildConfigurations = (
				5F281C720BADC1830F43F769 /* Debug */,
				E9A38B45BBFCEADEED74B1E8 /* Release */,
			);
			defaultConfigurationIsVisible = 0;
			defaultConfigurationName = Debug;
		};
		676737BD445688EB70F00B13 /* Build configuration list for PBXNativeTarget "SerenadaiOS" */ = {
			isa = XCConfigurationList;
			buildConfigurations = (
				64201CB6EDA7281AF0E5919E /* Debug */,
				06824BE859A94DE3C6C8B4EE /* Release */,
			);
			defaultConfigurationIsVisible = 0;
			defaultConfigurationName = Debug;
		};
		74BFC42E87C4C61AEA74CACC /* Build configuration list for PBXProject "SerenadaiOS" */ = {
			isa = XCConfigurationList;
			buildConfigurations = (
				94CD5F299CE7AE82710A3CAC /* Debug */,
				5BE170BAC78C7DD5A465FF5D /* Release */,
			);
			defaultConfigurationIsVisible = 0;
			defaultConfigurationName = Debug;
		};
/* End XCConfigurationList section */

/* Begin XCLocalSwiftPackageReference section */
		43A2742C161A8E846B61ACFE /* XCLocalSwiftPackageReference "SerenadaCore" */ = {
			isa = XCLocalSwiftPackageReference;
			relativePath = SerenadaCore;
		};
		AAEB240FA7DACD0D49D37E32 /* XCLocalSwiftPackageReference "SerenadaCallUI" */ = {
			isa = XCLocalSwiftPackageReference;
			relativePath = SerenadaCallUI;
		};
/* End XCLocalSwiftPackageReference section */

/* Begin XCRemoteSwiftPackageReference section */
		B01E382DAF8A44F6B4B1BD0A /* XCRemoteSwiftPackageReference "firebase-ios-sdk" */ = {
			isa = XCRemoteSwiftPackageReference;
			repositoryURL = "https://github.com/firebase/firebase-ios-sdk.git";
			requirement = {
				kind = upToNextMajorVersion;
				minimumVersion = 11.11.0;
			};
		};
/* End XCRemoteSwiftPackageReference section */

/* Begin XCSwiftPackageProductDependency section */
		1BF429546EEA7FBEB5796155 /* SerenadaCore */ = {
			isa = XCSwiftPackageProductDependency;
			productName = SerenadaCore;
		};
		7502F7E9518E36BE37DEBD99 /* SerenadaCallUI */ = {
			isa = XCSwiftPackageProductDependency;
			productName = SerenadaCallUI;
		};
		ECFBB844D3428C53592F5F7B /* FirebaseMessaging */ = {
			isa = XCSwiftPackageProductDependency;
			package = B01E382DAF8A44F6B4B1BD0A /* XCRemoteSwiftPackageReference "firebase-ios-sdk" */;
			productName = FirebaseMessaging;
		};
/* End XCSwiftPackageProductDependency section */
	};
	rootObject = 30A70137979E602FE39C27FE /* Project object */;
}
